// !$*UTF8*$!
{
	archiveVersion = 1;
	classes = {
	};
	objectVersion = 77;
	objects = {

/* Begin PBXBuildFile section */
		8B07C8F42E0768280025874B /* FirebaseAuth in Frameworks */ = {isa = PBXBuildFile; productRef = 8B07C8F32E0768280025874B /* FirebaseAuth */; };
		8B07C8F62E0768E10025874B /* FirebaseFirestore in Frameworks */ = {isa = PBXBuildFile; productRef = 8B07C8F52E0768E10025874B /* FirebaseFirestore */; };
		8B07C8F82E0769A80025874B /* FirebaseFirestoreCombine-Community in Frameworks */ = {isa = PBXBuildFile; productRef = 8B07C8F72E0769A80025874B /* FirebaseFirestoreCombine-Community */; };
/* End PBXBuildFile section */

/* Begin PBXContainerItemProxy section */
		8B07C8A62E0761200025874B /* PBXContainerItemProxy */ = {
			isa = PBXContainerItemProxy;
			containerPortal = 8B07C8892E07611E0025874B /* Project object */;
			proxyType = 1;
			remoteGlobalIDString = 8B07C8902E07611E0025874B;
			remoteInfo = Inner.Flow;
		};
		8B07C8B02E0761200025874B /* PBXContainerItemProxy */ = {
			isa = PBXContainerItemProxy;
			containerPortal = 8B07C8892E07611E0025874B /* Project object */;
			proxyType = 1;
			remoteGlobalIDString = 8B07C8902E07611E0025874B;
			remoteInfo = Inner.Flow;
		};
/* End PBXContainerItemProxy section */

/* Begin PBXFileReference section */
		8B07C8912E07611E0025874B /* Inner.Flow.app */ = {isa = PBXFileReference; explicitFileType = wrapper.application; includeInIndex = 0; path = Inner.Flow.app; sourceTree = BUILT_PRODUCTS_DIR; };
		8B07C8A52E0761200025874B /* Inner.FlowTests.xctest */ = {isa = PBXFileReference; explicitFileType = wrapper.cfbundle; includeInIndex = 0; path = Inner.FlowTests.xctest; sourceTree = BUILT_PRODUCTS_DIR; };
		8B07C8AF2E0761200025874B /* Inner.FlowUITests.xctest */ = {isa = PBXFileReference; explicitFileType = wrapper.cfbundle; includeInIndex = 0; path = Inner.FlowUITests.xctest; sourceTree = BUILT_PRODUCTS_DIR; };
/* End PBXFileReference section */

/* Begin PBXFileSystemSynchronizedBuildFileExceptionSet section */
		8B07C8B72E0761200025874B /* Exceptions for "Inner.Flow" folder in "Inner.Flow" target */ = {
			isa = PBXFileSystemSynchronizedBuildFileExceptionSet;
			membershipExceptions = (
				Info.plist,
			);
			target = 8B07C8902E07611E0025874B /* Inner.Flow */;
		};
/* End PBXFileSystemSynchronizedBuildFileExceptionSet section */

/* Begin PBXFileSystemSynchronizedRootGroup section */
		8B07C8932E07611E0025874B /* Inner.Flow */ = {
			isa = PBXFileSystemSynchronizedRootGroup;
			exceptions = (
				8B07C8B72E0761200025874B /* Exceptions for "Inner.Flow" folder in "Inner.Flow" target */,
			);
			path = Inner.Flow;
			sourceTree = "<group>";
		};
		8B07C8A82E0761200025874B /* Inner.FlowTests */ = {
			isa = PBXFileSystemSynchronizedRootGroup;
			path = Inner.FlowTests;
			sourceTree = "<group>";
		};
		8B07C8B22E0761200025874B /* Inner.FlowUITests */ = {
			isa = PBXFileSystemSynchronizedRootGroup;
			path = Inner.FlowUITests;
			sourceTree = "<group>";
		};
/* End PBXFileSystemSynchronizedRootGroup section */

/* Begin PBXFrameworksBuildPhase section */
		8B07C88E2E07611E0025874B /* Frameworks */ = {
			isa = PBXFrameworksBuildPhase;
			buildActionMask = 2147483647;
			files = (
				8B07C8F82E0769A80025874B /* FirebaseFirestoreCombine-Community in Frameworks */,
				8B07C8F42E0768280025874B /* FirebaseAuth in Frameworks */,
				8B07C8F62E0768E10025874B /* FirebaseFirestore in Frameworks */,
			);
			runOnlyForDeploymentPostprocessing = 0;
		};
		8B07C8A22E0761200025874B /* Frameworks */ = {
			isa = PBXFrameworksBuildPhase;
			buildActionMask = 2147483647;
			files = (
			);
			runOnlyForDeploymentPostprocessing = 0;
		};
		8B07C8AC2E0761200025874B /* Frameworks */ = {
			isa = PBXFrameworksBuildPhase;
			buildActionMask = 2147483647;
			files = (
			);
			runOnlyForDeploymentPostprocessing = 0;
		};
/* End PBXFrameworksBuildPhase section */

/* Begin PBXGroup section */
		8B07C8882E07611E0025874B = {
			isa = PBXGroup;
			children = (
				8B07C8932E07611E0025874B /* Inner.Flow */,
				8B07C8A82E0761200025874B /* Inner.FlowTests */,
				8B07C8B22E0761200025874B /* Inner.FlowUITests */,
				8B07C8F22E0768180025874B /* Frameworks */,
				8B07C8922E07611E0025874B /* Products */,
			);
			sourceTree = "<group>";
		};
		8B07C8922E07611E0025874B /* Products */ = {
			isa = PBXGroup;
			children = (
				8B07C8912E07611E0025874B /* Inner.Flow.app */,
				8B07C8A52E0761200025874B /* Inner.FlowTests.xctest */,
				8B07C8AF2E0761200025874B /* Inner.FlowUITests.xctest */,
			);
			name = Products;
			sourceTree = "<group>";
		};
		8B07C8F22E0768180025874B /* Frameworks */ = {
			isa = PBXGroup;
			children = (
			);
			name = Frameworks;
			sourceTree = "<group>";
		};
/* End PBXGroup section */

/* Begin PBXNativeTarget section */
		8B07C8902E07611E0025874B /* Inner.Flow */ = {
			isa = PBXNativeTarget;
			buildConfigurationList = 8B07C8B82E0761200025874B /* Build configuration list for PBXNativeTarget "Inner.Flow" */;
			buildPhases = (
				8B07C88D2E07611E0025874B /* Sources */,
				8B07C88E2E07611E0025874B /* Frameworks */,
				8B07C88F2E07611E0025874B /* Resources */,
			);
			buildRules = (
			);
			dependencies = (
			);
			fileSystemSynchronizedGroups = (
				8B07C8932E07611E0025874B /* Inner.Flow */,
			);
			name = Inner.Flow;
			packageProductDependencies = (
				8B07C8F32E0768280025874B /* FirebaseAuth */,
				8B07C8F52E0768E10025874B /* FirebaseFirestore */,
				8B07C8F72E0769A80025874B /* FirebaseFirestoreCombine-Community */,
			);
			productName = Inner.Flow;
			productReference = 8B07C8912E07611E0025874B /* Inner.Flow.app */;
			productType = "com.apple.product-type.application";
		};
		8B07C8A42E0761200025874B /* Inner.FlowTests */ = {
			isa = PBXNativeTarget;
			buildConfigurationList = 8B07C8BD2E0761200025874B /* Build configuration list for PBXNativeTarget "Inner.FlowTests" */;
			buildPhases = (
				8B07C8A12E0761200025874B /* Sources */,
				8B07C8A22E0761200025874B /* Frameworks */,
				8B07C8A32E0761200025874B /* Resources */,
			);
			buildRules = (
			);
			dependencies = (
				8B07C8A72E0761200025874B /* PBXTargetDependency */,
			);
			fileSystemSynchronizedGroups = (
				8B07C8A82E0761200025874B /* Inner.FlowTests */,
			);
			name = Inner.FlowTests;
			packageProductDependencies = (
			);
			productName = Inner.FlowTests;
			productReference = 8B07C8A52E0761200025874B /* Inner.FlowTests.xctest */;
			productType = "com.apple.product-type.bundle.unit-test";
		};
		8B07C8AE2E0761200025874B /* Inner.FlowUITests */ = {
			isa = PBXNativeTarget;
			buildConfigurationList = 8B07C8C02E0761200025874B /* Build configuration list for PBXNativeTarget "Inner.FlowUITests" */;
			buildPhases = (
				8B07C8AB2E0761200025874B /* Sources */,
				8B07C8AC2E0761200025874B /* Frameworks */,
				8B07C8AD2E0761200025874B /* Resources */,
			);
			buildRules = (
			);
			dependencies = (
				8B07C8B12E0761200025874B /* PBXTargetDependency */,
			);
			fileSystemSynchronizedGroups = (
				8B07C8B22E0761200025874B /* Inner.FlowUITests */,
			);
			name = Inner.FlowUITests;
			packageProductDependencies = (
			);
			productName = Inner.FlowUITests;
			productReference = 8B07C8AF2E0761200025874B /* Inner.FlowUITests.xctest */;
			productType = "com.apple.product-type.bundle.ui-testing";
		};
/* End PBXNativeTarget section */

/* Begin PBXProject section */
		8B07C8892E07611E0025874B /* Project object */ = {
			isa = PBXProject;
			attributes = {
				BuildIndependentTargetsInParallel = 1;
				LastSwiftUpdateCheck = 1620;
				LastUpgradeCheck = 1620;
				TargetAttributes = {
					8B07C8902E07611E0025874B = {
						CreatedOnToolsVersion = 16.2;
					};
					8B07C8A42E0761200025874B = {
						CreatedOnToolsVersion = 16.2;
						TestTargetID = 8B07C8902E07611E0025874B;
					};
					8B07C8AE2E0761200025874B = {
						CreatedOnToolsVersion = 16.2;
						TestTargetID = 8B07C8902E07611E0025874B;
					};
				};
			};
			buildConfigurationList = 8B07C88C2E07611E0025874B /* Build configuration list for PBXProject "Inner.Flow" */;
			developmentRegion = en;
			hasScannedForEncodings = 0;
			knownRegions = (
				en,
				Base,
			);
			mainGroup = 8B07C8882E07611E0025874B;
			minimizedProjectReferenceProxies = 1;
			packageReferences = (
				8B07C8F12E0767370025874B /* XCRemoteSwiftPackageReference "firebase-ios-sdk" */,
			);
			preferredProjectObjectVersion = 77;
			productRefGroup = 8B07C8922E07611E0025874B /* Products */;
			projectDirPath = "";
			projectRoot = "";
			targets = (
				8B07C8902E07611E0025874B /* Inner.Flow */,
				8B07C8A42E0761200025874B /* Inner.FlowTests */,
				8B07C8AE2E0761200025874B /* Inner.FlowUITests */,
			);
		};
/* End PBXProject section */

/* Begin PBXResourcesBuildPhase section */
		8B07C88F2E07611E0025874B /* Resources */ = {
			isa = PBXResourcesBuildPhase;
			buildActionMask = 2147483647;
			files = (
			);
			runOnlyForDeploymentPostprocessing = 0;
		};
		8B07C8A32E0761200025874B /* Resources */ = {
			isa = PBXResourcesBuildPhase;
			buildActionMask = 2147483647;
			files = (
			);
			runOnlyForDeploymentPostprocessing = 0;
		};
		8B07C8AD2E0761200025874B /* Resources */ = {
			isa = PBXResourcesBuildPhase;
			buildActionMask = 2147483647;
			files = (
			);
			runOnlyForDeploymentPostprocessing = 0;
		};
/* End PBXResourcesBuildPhase section */

/* Begin PBXSourcesBuildPhase section */
		8B07C88D2E07611E0025874B /* Sources */ = {
			isa = PBXSourcesBuildPhase;
			buildActionMask = 2147483647;
			files = (
			);
			runOnlyForDeploymentPostprocessing = 0;
		};
		8B07C8A12E0761200025874B /* Sources */ = {
			isa = PBXSourcesBuildPhase;
			buildActionMask = 2147483647;
			files = (
			);
			runOnlyForDeploymentPostprocessing = 0;
		};
		8B07C8AB2E0761200025874B /* Sources */ = {
			isa = PBXSourcesBuildPhase;
			buildActionMask = 2147483647;
			files = (
			);
			runOnlyForDeploymentPostprocessing = 0;
		};
/* End PBXSourcesBuildPhase section */

/* Begin PBXTargetDependency section */
		8B07C8A72E0761200025874B /* PBXTargetDependency */ = {
			isa = PBXTargetDependency;
			target = 8B07C8902E07611E0025874B /* Inner.Flow */;
			targetProxy = 8B07C8A62E0761200025874B /* PBXContainerItemProxy */;
		};
		8B07C8B12E0761200025874B /* PBXTargetDependency */ = {
			isa = PBXTargetDependency;
			target = 8B07C8902E07611E0025874B /* Inner.Flow */;
			targetProxy = 8B07C8B02E0761200025874B /* PBXContainerItemProxy */;
		};
/* End PBXTargetDependency section */

/* Begin XCBuildConfiguration section */
		8B07C8B92E0761200025874B /* Debug */ = {
			isa = XCBuildConfiguration;
			buildSettings = {
				ASSETCATALOG_COMPILER_APPICON_NAME = AppIcon;
				ASSETCATALOG_COMPILER_GLOBAL_ACCENT_COLOR_NAME = AccentColor;
				CODE_SIGN_ENTITLEMENTS = Inner.Flow/Inner_Flow.entitlements;
				CODE_SIGN_STYLE = Automatic;
				CURRENT_PROJECT_VERSION = 1;
				DEVELOPMENT_ASSET_PATHS = "\"Inner.Flow/Preview Content\"";
				DEVELOPMENT_TEAM = 63B8N9Z9DR;
				ENABLE_HARDENED_RUNTIME = YES;
				ENABLE_PREVIEWS = YES;
				GENERATE_INFOPLIST_FILE = YES;
				INFOPLIST_FILE = Inner.Flow/Info.plist;
				INFOPLIST_KEY_LSApplicationCategoryType = "public.app-category.lifestyle";
				"INFOPLIST_KEY_UIApplicationSceneManifest_Generation[sdk=iphoneos*]" = YES;
				"INFOPLIST_KEY_UIApplicationSceneManifest_Generation[sdk=iphonesimulator*]" = YES;
				"INFOPLIST_KEY_UIApplicationSupportsIndirectInputEvents[sdk=iphoneos*]" = YES;
				"INFOPLIST_KEY_UIApplicationSupportsIndirectInputEvents[sdk=iphonesimulator*]" = YES;
				"INFOPLIST_KEY_UILaunchScreen_Generation[sdk=iphoneos*]" = YES;
				"INFOPLIST_KEY_UILaunchScreen_Generation[sdk=iphonesimulator*]" = YES;
				"INFOPLIST_KEY_UIStatusBarStyle[sdk=iphoneos*]" = UIStatusBarStyleDefault;
				"INFOPLIST_KEY_UIStatusBarStyle[sdk=iphonesimulator*]" = UIStatusBarStyleDefault;
				INFOPLIST_KEY_UISupportedInterfaceOrientations_iPad = "UIInterfaceOrientationPortrait UIInterfaceOrientationPortraitUpsideDown UIInterfaceOrientationLandscapeLeft UIInterfaceOrientationLandscapeRight";
				INFOPLIST_KEY_UISupportedInterfaceOrientations_iPhone = "UIInterfaceOrientationPortrait UIInterfaceOrientationLandscapeLeft UIInterfaceOrientationLandscapeRight";
				IPHONEOS_DEPLOYMENT_TARGET = 18.2;
				LD_RUNPATH_SEARCH_PATHS = "@executable_path/Frameworks";
				"LD_RUNPATH_SEARCH_PATHS[sdk=macosx*]" = "@executable_path/../Frameworks";
				MACOSX_DEPLOYMENT_TARGET = 14.0;
				MARKETING_VERSION = 1.0;
				PRODUCT_BUNDLE_IDENTIFIER = "danimore.com.Inner-Flow";
				PRODUCT_NAME = "$(TARGET_NAME)";
				SDKROOT = auto;
				SUPPORTED_PLATFORMS = "iphoneos iphonesimulator";
				SUPPORTS_MACCATALYST = NO;
				SWIFT_EMIT_LOC_STRINGS = YES;
				SWIFT_VERSION = 5.0;
				TARGETED_DEVICE_FAMILY = "1,2";
				XROS_DEPLOYMENT_TARGET = 2.2;
			};
			name = Debug;
		};
		8B07C8BA2E0761200025874B /* Release */ = {
			isa = XCBuildConfiguration;
			buildSettings = {
				ASSETCATALOG_COMPILER_APPICON_NAME = AppIcon;
				ASSETCATALOG_COMPILER_GLOBAL_ACCENT_COLOR_NAME = AccentColor;
				CODE_SIGN_ENTITLEMENTS = Inner.Flow/Inner_Flow.entitlements;
				CODE_SIGN_STYLE = Automatic;
				CURRENT_PROJECT_VERSION = 1;
				DEVELOPMENT_ASSET_PATHS = "\"Inner.Flow/Preview Content\"";
				DEVELOPMENT_TEAM = 63B8N9Z9DR;
				ENABLE_HARDENED_RUNTIME = YES;
				ENABLE_PREVIEWS = YES;
				GENERATE_INFOPLIST_FILE = YES;
				INFOPLIST_FILE = Inner.Flow/Info.plist;
				INFOPLIST_KEY_LSApplicationCategoryType = "public.app-category.lifestyle";
				"INFOPLIST_KEY_UIApplicationSceneManifest_Generation[sdk=iphoneos*]" = YES;
				"INFOPLIST_KEY_UIApplicationSceneManifest_Generation[sdk=iphonesimulator*]" = YES;
				"INFOPLIST_KEY_UIApplicationSupportsIndirectInputEvents[sdk=iphoneos*]" = YES;
				"INFOPLIST_KEY_UIApplicationSupportsIndirectInputEvents[sdk=iphonesimulator*]" = YES;
				"INFOPLIST_KEY_UILaunchScreen_Generation[sdk=iphoneos*]" = YES;
				"INFOPLIST_KEY_UILaunchScreen_Generation[sdk=iphonesimulator*]" = YES;
				"INFOPLIST_KEY_UIStatusBarStyle[sdk=iphoneos*]" = UIStatusBarStyleDefault;
				"INFOPLIST_KEY_UIStatusBarStyle[sdk=iphonesimulator*]" = UIStatusBarStyleDefault;
				INFOPLIST_KEY_UISupportedInterfaceOrientations_iPad = "UIInterfaceOrientationPortrait UIInterfaceOrientationPortraitUpsideDown UIInterfaceOrientationLandscapeLeft UIInterfaceOrientationLandscapeRight";
				INFOPLIST_KEY_UISupportedInterfaceOrientations_iPhone = "UIInterfaceOrientationPortrait UIInterfaceOrientationLandscapeLeft UIInterfaceOrientationLandscapeRight";
				IPHONEOS_DEPLOYMENT_TARGET = 18.2;
				LD_RUNPATH_SEARCH_PATHS = "@executable_path/Frameworks";
				"LD_RUNPATH_SEARCH_PATHS[sdk=macosx*]" = "@executable_path/../Frameworks";
				MACOSX_DEPLOYMENT_TARGET = 14.0;
				MARKETING_VERSION = 1.0;
				PRODUCT_BUNDLE_IDENTIFIER = "danimore.com.Inner-Flow";
				PRODUCT_NAME = "$(TARGET_NAME)";
				SDKROOT = auto;
				SUPPORTED_PLATFORMS = "iphoneos iphonesimulator";
				SUPPORTS_MACCATALYST = NO;
				SWIFT_EMIT_LOC_STRINGS = YES;
				SWIFT_VERSION = 5.0;
				TARGETED_DEVICE_FAMILY = "1,2";
				XROS_DEPLOYMENT_TARGET = 2.2;
			};
			name = Release;
		};
		8B07C8BB2E0761200025874B /* Debug */ = {
			isa = XCBuildConfiguration;
			buildSettings = {
				ALWAYS_SEARCH_USER_PATHS = NO;
				ASSETCATALOG_COMPILER_GENERATE_SWIFT_ASSET_SYMBOL_EXTENSIONS = YES;
				CLANG_ANALYZER_NONNULL = YES;
				CLANG_ANALYZER_NUMBER_OBJECT_CONVERSION = YES_AGGRESSIVE;
				CLANG_CXX_LANGUAGE_STANDARD = "gnu++20";
				CLANG_ENABLE_MODULES = YES;
				CLANG_ENABLE_OBJC_ARC = YES;
				CLANG_ENABLE_OBJC_WEAK = YES;
				CLANG_WARN_BLOCK_CAPTURE_AUTORELEASING = YES;
				CLANG_WARN_BOOL_CONVERSION = YES;
				CLANG_WARN_COMMA = YES;
				CLANG_WARN_CONSTANT_CONVERSION = YES;
				CLANG_WARN_DEPRECATED_OBJC_IMPLEMENTATIONS = YES;
				CLANG_WARN_DIRECT_OBJC_ISA_USAGE = YES_ERROR;
				CLANG_WARN_DOCUMENTATION_COMMENTS = YES;
				CLANG_WARN_EMPTY_BODY = YES;
				CLANG_WARN_ENUM_CONVERSION = YES;
				CLANG_WARN_INFINITE_RECURSION = YES;
				CLANG_WARN_INT_CONVERSION = YES;
				CLANG_WARN_NON_LITERAL_NULL_CONVERSION = YES;
				CLANG_WARN_OBJC_IMPLICIT_RETAIN_SELF = YES;
				CLANG_WARN_OBJC_LITERAL_CONVERSION = YES;
				CLANG_WARN_OBJC_ROOT_CLASS = YES_ERROR;
				CLANG_WARN_QUOTED_INCLUDE_IN_FRAMEWORK_HEADER = YES;
				CLANG_WARN_RANGE_LOOP_ANALYSIS = YES;
				CLANG_WARN_STRICT_PROTOTYPES = YES;
				CLANG_WARN_SUSPICIOUS_MOVE = YES;
				CLANG_WARN_UNGUARDED_AVAILABILITY = YES_AGGRESSIVE;
				CLANG_WARN_UNREACHABLE_CODE = YES;
				CLANG_WARN__DUPLICATE_METHOD_MATCH = YES;
				COPY_PHASE_STRIP = NO;
				DEBUG_INFORMATION_FORMAT = dwarf;
				ENABLE_STRICT_OBJC_MSGSEND = YES;
				ENABLE_TESTABILITY = YES;
				ENABLE_USER_SCRIPT_SANDBOXING = YES;
				GCC_C_LANGUAGE_STANDARD = gnu17;
				GCC_DYNAMIC_NO_PIC = NO;
				GCC_NO_COMMON_BLOCKS = YES;
				GCC_OPTIMIZATION_LEVEL = 0;
				GCC_PREPROCESSOR_DEFINITIONS = (
					"DEBUG=1",
					"$(inherited)",
				);
				GCC_WARN_64_TO_32_BIT_CONVERSION = YES;
				GCC_WARN_ABOUT_RETURN_TYPE = YES_ERROR;
				GCC_WARN_UNDECLARED_SELECTOR = YES;
				GCC_WARN_UNINITIALIZED_AUTOS = YES_AGGRESSIVE;
				GCC_WARN_UNUSED_FUNCTION = YES;
				GCC_WARN_UNUSED_VARIABLE = YES;
				LOCALIZATION_PREFERS_STRING_CATALOGS = YES;
				MTL_ENABLE_DEBUG_INFO = INCLUDE_SOURCE;
				MTL_FAST_MATH = YES;
				ONLY_ACTIVE_ARCH = YES;
				SWIFT_ACTIVE_COMPILATION_CONDITIONS = "DEBUG $(inherited)";
				SWIFT_OPTIMIZATION_LEVEL = "-Onone";
			};
			name = Debug;
		};
		8B07C8BC2E0761200025874B /* Release */ = {
			isa = XCBuildConfiguration;
			buildSettings = {
				ALWAYS_SEARCH_USER_PATHS = NO;
				ASSETCATALOG_COMPILER_GENERATE_SWIFT_ASSET_SYMBOL_EXTENSIONS = YES;
				CLANG_ANALYZER_NONNULL = YES;
				CLANG_ANALYZER_NUMBER_OBJECT_CONVERSION = YES_AGGRESSIVE;
				CLANG_CXX_LANGUAGE_STANDARD = "gnu++20";
				CLANG_ENABLE_MODULES = YES;
				CLANG_ENABLE_OBJC_ARC = YES;
				CLANG_ENABLE_OBJC_WEAK = YES;
				CLANG_WARN_BLOCK_CAPTURE_AUTORELEASING = YES;
				CLANG_WARN_BOOL_CONVERSION = YES;
				CLANG_WARN_COMMA = YES;
				CLANG_WARN_CONSTANT_CONVERSION = YES;
				CLANG_WARN_DEPRECATED_OBJC_IMPLEMENTATIONS = YES;
				CLANG_WARN_DIRECT_OBJC_ISA_USAGE = YES_ERROR;
				CLANG_WARN_DOCUMENTATION_COMMENTS = YES;
				CLANG_WARN_EMPTY_BODY = YES;
				CLANG_WARN_ENUM_CONVERSION = YES;
				CLANG_WARN_INFINITE_RECURSION = YES;
				CLANG_WARN_INT_CONVERSION = YES;
				CLANG_WARN_NON_LITERAL_NULL_CONVERSION = YES;
				CLANG_WARN_OBJC_IMPLICIT_RETAIN_SELF = YES;
				CLANG_WARN_OBJC_LITERAL_CONVERSION = YES;
				CLANG_WARN_OBJC_ROOT_CLASS = YES_ERROR;
				CLANG_WARN_QUOTED_INCLUDE_IN_FRAMEWORK_HEADER = YES;
				CLANG_WARN_RANGE_LOOP_ANALYSIS = YES;
				CLANG_WARN_STRICT_PROTOTYPES = YES;
				CLANG_WARN_SUSPICIOUS_MOVE = YES;
				CLANG_WARN_UNGUARDED_AVAILABILITY = YES_AGGRESSIVE;
				CLANG_WARN_UNREACHABLE_CODE = YES;
				CLANG_WARN__DUPLICATE_METHOD_MATCH = YES;
				COPY_PHASE_STRIP = NO;
				DEBUG_INFORMATION_FORMAT = "dwarf-with-dsym";
				ENABLE_NS_ASSERTIONS = NO;
				ENABLE_STRICT_OBJC_MSGSEND = YES;
				ENABLE_USER_SCRIPT_SANDBOXING = YES;
				GCC_C_LANGUAGE_STANDARD = gnu17;
				GCC_NO_COMMON_BLOCKS = YES;
				GCC_WARN_64_TO_32_BIT_CONVERSION = YES;
				GCC_WARN_ABOUT_RETURN_TYPE = YES_ERROR;
				GCC_WARN_UNDECLARED_SELECTOR = YES;
				GCC_WARN_UNINITIALIZED_AUTOS = YES_AGGRESSIVE;
				GCC_WARN_UNUSED_FUNCTION = YES;
				GCC_WARN_UNUSED_VARIABLE = YES;
				LOCALIZATION_PREFERS_STRING_CATALOGS = YES;
				MTL_ENABLE_DEBUG_INFO = NO;
				MTL_FAST_MATH = YES;
				SWIFT_COMPILATION_MODE = wholemodule;
			};
			name = Release;
		};
		8B07C8BE2E0761200025874B /* Debug */ = {
			isa = XCBuildConfiguration;
			buildSettings = {
				BUNDLE_LOADER = "$(TEST_HOST)";
				CODE_SIGN_STYLE = Automatic;
				CURRENT_PROJECT_VERSION = 1;
				DEVELOPMENT_TEAM = 63B8N9Z9DR;
				GENERATE_INFOPLIST_FILE = YES;
				IPHONEOS_DEPLOYMENT_TARGET = 18.2;
				MACOSX_DEPLOYMENT_TARGET = 15.2;
				MARKETING_VERSION = 1.0;
				PRODUCT_BUNDLE_IDENTIFIER = "danimore.com.Inner-FlowTests";
				PRODUCT_NAME = "$(TARGET_NAME)";
				SDKROOT = auto;
				SUPPORTED_PLATFORMS = "iphoneos iphonesimulator macosx xros xrsimulator";
				SWIFT_EMIT_LOC_STRINGS = NO;
				SWIFT_VERSION = 5.0;
				TARGETED_DEVICE_FAMILY = "1,2,7";
				TEST_HOST = "$(BUILT_PRODUCTS_DIR)/Inner.Flow.app/$(BUNDLE_EXECUTABLE_FOLDER_PATH)/Inner.Flow";
				XROS_DEPLOYMENT_TARGET = 2.2;
			};
			name = Debug;
		};
		8B07C8BF2E0761200025874B /* Release */ = {
			isa = XCBuildConfiguration;
			buildSettings = {
				BUNDLE_LOADER = "$(TEST_HOST)";
				CODE_SIGN_STYLE = Automatic;
				CURRENT_PROJECT_VERSION = 1;
				DEVELOPMENT_TEAM = 63B8N9Z9DR;
				GENERATE_INFOPLIST_FILE = YES;
				IPHONEOS_DEPLOYMENT_TARGET = 18.2;
				MACOSX_DEPLOYMENT_TARGET = 15.2;
				MARKETING_VERSION = 1.0;
				PRODUCT_BUNDLE_IDENTIFIER = "danimore.com.Inner-FlowTests";
				PRODUCT_NAME = "$(TARGET_NAME)";
				SDKROOT = auto;
				SUPPORTED_PLATFORMS = "iphoneos iphonesimulator macosx xros xrsimulator";
				SWIFT_EMIT_LOC_STRINGS = NO;
				SWIFT_VERSION = 5.0;
				TARGETED_DEVICE_FAMILY = "1,2,7";
				TEST_HOST = "$(BUILT_PRODUCTS_DIR)/Inner.Flow.app/$(BUNDLE_EXECUTABLE_FOLDER_PATH)/Inner.Flow";
				XROS_DEPLOYMENT_TARGET = 2.2;
			};
			name = Release;
		};
		8B07C8C12E0761200025874B /* Debug */ = {
			isa = XCBuildConfiguration;
			buildSettings = {
				CODE_SIGN_STYLE = Automatic;
				CURRENT_PROJECT_VERSION = 1;
				DEVELOPMENT_TEAM = 63B8N9Z9DR;
				GENERATE_INFOPLIST_FILE = YES;
				IPHONEOS_DEPLOYMENT_TARGET = 18.2;
				MACOSX_DEPLOYMENT_TARGET = 15.2;
				MARKETING_VERSION = 1.0;
				PRODUCT_BUNDLE_IDENTIFIER = "danimore.com.Inner-FlowUITests";
				PRODUCT_NAME = "$(TARGET_NAME)";
				SDKROOT = auto;
				SUPPORTED_PLATFORMS = "iphoneos iphonesimulator macosx xros xrsimulator";
				SWIFT_EMIT_LOC_STRINGS = NO;
				SWIFT_VERSION = 5.0;
				TARGETED_DEVICE_FAMILY = "1,2,7";
				TEST_TARGET_NAME = Inner.Flow;
				XROS_DEPLOYMENT_TARGET = 2.2;
			};
			name = Debug;
		};
		8B07C8C22E0761200025874B /* Release */ = {
			isa = XCBuildConfiguration;
			buildSettings = {
				CODE_SIGN_STYLE = Automatic;
				CURRENT_PROJECT_VERSION = 1;
				DEVELOPMENT_TEAM = 63B8N9Z9DR;
				GENERATE_INFOPLIST_FILE = YES;
				IPHONEOS_DEPLOYMENT_TARGET = 18.2;
				MACOSX_DEPLOYMENT_TARGET = 15.2;
				MARKETING_VERSION = 1.0;
				PRODUCT_BUNDLE_IDENTIFIER = "danimore.com.Inner-FlowUITests";
				PRODUCT_NAME = "$(TARGET_NAME)";
				SDKROOT = auto;
				SUPPORTED_PLATFORMS = "iphoneos iphonesimulator macosx xros xrsimulator";
				SWIFT_EMIT_LOC_STRINGS = NO;
				SWIFT_VERSION = 5.0;
				TARGETED_DEVICE_FAMILY = "1,2,7";
				TEST_TARGET_NAME = Inner.Flow;
				XROS_DEPLOYMENT_TARGET = 2.2;
			};
			name = Release;
		};
/* End XCBuildConfiguration section */

/* Begin XCConfigurationList section */
		8B07C88C2E07611E0025874B /* Build configuration list for PBXProject "Inner.Flow" */ = {
			isa = XCConfigurationList;
			buildConfigurations = (
				8B07C8BB2E0761200025874B /* Debug */,
				8B07C8BC2E0761200025874B /* Release */,
			);
			defaultConfigurationIsVisible = 0;
			defaultConfigurationName = Release;
		};
		8B07C8B82E0761200025874B /* Build configuration list for PBXNativeTarget "Inner.Flow" */ = {
			isa = XCConfigurationList;
			buildConfigurations = (
				8B07C8B92E0761200025874B /* Debug */,
				8B07C8BA2E0761200025874B /* Release */,
			);
			defaultConfigurationIsVisible = 0;
			defaultConfigurationName = Release;
		};
		8B07C8BD2E0761200025874B /* Build configuration list for PBXNativeTarget "Inner.FlowTests" */ = {
			isa = XCConfigurationList;
			buildConfigurations = (
				8B07C8BE2E0761200025874B /* Debug */,
				8B07C8BF2E0761200025874B /* Release */,
			);
			defaultConfigurationIsVisible = 0;
			defaultConfigurationName = Release;
		};
		8B07C8C02E0761200025874B /* Build configuration list for PBXNativeTarget "Inner.FlowUITests" */ = {
			isa = XCConfigurationList;
			buildConfigurations = (
				8B07C8C12E0761200025874B /* Debug */,
				8B07C8C22E0761200025874B /* Release */,
			);
			defaultConfigurationIsVisible = 0;
			defaultConfigurationName = Release;
		};
/* End XCConfigurationList section */

/* Begin XCRemoteSwiftPackageReference section */
		8B07C8F12E0767370025874B /* XCRemoteSwiftPackageReference "firebase-ios-sdk" */ = {
			isa = XCRemoteSwiftPackageReference;
			repositoryURL = "https://github.com/firebase/firebase-ios-sdk.git";
			requirement = {
				kind = upToNextMajorVersion;
				minimumVersion = 11.14.0;
			};
		};
/* End XCRemoteSwiftPackageReference section */

/* Begin XCSwiftPackageProductDependency section */
		8B07C8F32E0768280025874B /* FirebaseAuth */ = {
			isa = XCSwiftPackageProductDependency;
			package = 8B07C8F12E0767370025874B /* XCRemoteSwiftPackageReference "firebase-ios-sdk" */;
			productName = FirebaseAuth;
		};
		8B07C8F52E0768E10025874B /* FirebaseFirestore */ = {
			isa = XCSwiftPackageProductDependency;
			package = 8B07C8F12E0767370025874B /* XCRemoteSwiftPackageReference "firebase-ios-sdk" */;
			productName = FirebaseFirestore;
		};
		8B07C8F72E0769A80025874B /* FirebaseFirestoreCombine-Community */ = {
			isa = XCSwiftPackageProductDependency;
			package = 8B07C8F12E0767370025874B /* XCRemoteSwiftPackageReference "firebase-ios-sdk" */;
			productName = "FirebaseFirestoreCombine-Community";
		};
/* End XCSwiftPackageProductDependency section */
	};
	rootObject = 8B07C8892E07611E0025874B /* Project object */;
}
